
Microsoft Visual Studio Solution File, Format Version 12.00
# Visual Studio Version 16
VisualStudioVersion = 16.0.29806.167
MinimumVisualStudioVersion = 10.0.40219.1
Project("{9A19103F-16F7-4668-BE54-9A1E7A4F7556}") = "DigitalShoppingTakkala", "DigitalShoppingTakkala\DigitalShoppingTakkala.csproj", "{353CA6E8-71B3-4D39-8FC6-D96AB9E0BF69}"
EndProject
Project("{FAE04EC0-301F-11D3-BF4B-00C04F79EFBC}") = "DigigtalShoppingTakkalaUnitTest", "DigigtalShoppingTakkalaUnitTest\DigigtalShoppingTakkalaUnitTest.csproj", "{90BEBD53-0560-46E9-BCC8-89B6F7D99C6F}"
EndProject
Global
	GlobalSection(SolutionConfigurationPlatforms) = preSolution
		Debug|Any CPU = Debug|Any CPU
		Release|Any CPU = Release|Any CPU
	EndGlobalSection
	GlobalSection(ProjectConfigurationPlatforms) = postSolution
		{353CA6E8-71B3-4D39-8FC6-D96AB9E0BF69}.Debug|Any CPU.ActiveCfg = Debug|Any CPU
		{353CA6E8-71B3-4D39-8FC6-D96AB9E0BF69}.Debug|Any CPU.Build.0 = Debug|Any CPU
		{353CA6E8-71B3-4D39-8FC6-D96AB9E0BF69}.Release|Any CPU.ActiveCfg = Release|Any CPU
		{353CA6E8-71B3-4D39-8FC6-D96AB9E0BF69}.Release|Any CPU.Build.0 = Release|Any CPU
		{90BEBD53-0560-46E9-BCC8-89B6F7D99C6F}.Debug|Any CPU.ActiveCfg = Debug|Any CPU
		{90BEBD53-0560-46E9-BCC8-89B6F7D99C6F}.Debug|Any CPU.Build.0 = Debug|Any CPU
		{90BEBD53-0560-46E9-BCC8-89B6F7D99C6F}.Release|Any CPU.ActiveCfg = Release|Any CPU
		{90BEBD53-0560-46E9-BCC8-89B6F7D99C6F}.Release|Any CPU.Build.0 = Release|Any CPU
	EndGlobalSection
	GlobalSection(SolutionProperties) = preSolution
		HideSolutionNode = FALSE
	EndGlobalSection
	GlobalSection(ExtensibilityGlobals) = postSolution
		SolutionGuid = {2FB0FC4E-F52F-4D22-8B24-D01F1F5DDF31}
	EndGlobalSection
EndGlobal
